// !$*UTF8*$!
{
	archiveVersion = 1;
	classes = {
	};
	objectVersion = 46;
	objects = {

/* Begin PBXBuildFile section */
		2C231C321C1F461300718281 /* libProblems.dylib in Frameworks */ = {isa = PBXBuildFile; fileRef = 2C231C191C1F45CD00718281 /* libProblems.dylib */; settings = {ASSET_TAGS = (); }; };
		2C231C941C20D3CF00718281 /* Int+isEven.swift in Sources */ = {isa = PBXBuildFile; fileRef = 2C231C871C20D3CF00718281 /* Int+isEven.swift */; settings = {ASSET_TAGS = (); }; };
		2C231C951C20D3CF00718281 /* Int+isMultipleOf.swift in Sources */ = {isa = PBXBuildFile; fileRef = 2C231C881C20D3CF00718281 /* Int+isMultipleOf.swift */; settings = {ASSET_TAGS = (); }; };
		2C231C961C20D3CF00718281 /* Int+isMultipleOfAll.swift in Sources */ = {isa = PBXBuildFile; fileRef = 2C231C891C20D3CF00718281 /* Int+isMultipleOfAll.swift */; settings = {ASSET_TAGS = (); }; };
		2C231C971C20D3CF00718281 /* Int+isMultipleOfAny.swift in Sources */ = {isa = PBXBuildFile; fileRef = 2C231C8A1C20D3CF00718281 /* Int+isMultipleOfAny.swift */; settings = {ASSET_TAGS = (); }; };
		2C231C981C20D3CF00718281 /* Int+isPrime.swift in Sources */ = {isa = PBXBuildFile; fileRef = 2C231C8B1C20D3CF00718281 /* Int+isPrime.swift */; settings = {ASSET_TAGS = (); }; };
		2C231C991C20D3CF00718281 /* Int+largestPossibleFactor.swift in Sources */ = {isa = PBXBuildFile; fileRef = 2C231C8C1C20D3CF00718281 /* Int+largestPossibleFactor.swift */; settings = {ASSET_TAGS = (); }; };
		2C231C9A1C20D3CF00718281 /* Int+largestPrimeFactor.swift in Sources */ = {isa = PBXBuildFile; fileRef = 2C231C8D1C20D3CF00718281 /* Int+largestPrimeFactor.swift */; settings = {ASSET_TAGS = (); }; };
		2C231C9C1C20D3CF00718281 /* FibonacciSequence.swift in Sources */ = {isa = PBXBuildFile; fileRef = 2C231C921C20D3CF00718281 /* FibonacciSequence.swift */; settings = {ASSET_TAGS = (); }; };
		2C231C9D1C20D3CF00718281 /* PrimeSequence.swift in Sources */ = {isa = PBXBuildFile; fileRef = 2C231C931C20D3CF00718281 /* PrimeSequence.swift */; settings = {ASSET_TAGS = (); }; };
		2C231C9F1C20D40800718281 /* Int+isPalindromic.swift in Sources */ = {isa = PBXBuildFile; fileRef = 2C231C9E1C20D40800718281 /* Int+isPalindromic.swift */; settings = {ASSET_TAGS = (); }; };
		2C231CA11C20D42600718281 /* Int+getPythagoreanTriplet.swift in Sources */ = {isa = PBXBuildFile; fileRef = 2C231CA01C20D42600718281 /* Int+getPythagoreanTriplet.swift */; settings = {ASSET_TAGS = (); }; };
		2C231CA31C20D45600718281 /* ArrayIntegerType+sum.swift in Sources */ = {isa = PBXBuildFile; fileRef = 2C231CA21C20D45600718281 /* ArrayIntegerType+sum.swift */; settings = {ASSET_TAGS = (); }; };
		2C231CA51C20D47C00718281 /* ArrayIntegerType+product.swift in Sources */ = {isa = PBXBuildFile; fileRef = 2C231CA41C20D47C00718281 /* ArrayIntegerType+product.swift */; settings = {ASSET_TAGS = (); }; };
		2C231CA71C20D4AC00718281 /* ArrayIntegerType+leastCommonMultiple.swift in Sources */ = {isa = PBXBuildFile; fileRef = 2C231CA61C20D4AC00718281 /* ArrayIntegerType+leastCommonMultiple.swift */; settings = {ASSET_TAGS = (); }; };
		2C231CA91C20D4DC00718281 /* ArrayIntegerType+sumOfSquares.swift in Sources */ = {isa = PBXBuildFile; fileRef = 2C231CA81C20D4DC00718281 /* ArrayIntegerType+sumOfSquares.swift */; settings = {ASSET_TAGS = (); }; };
		2C231CAB1C20D50B00718281 /* ArrayIntegerType+squareOfSums.swift in Sources */ = {isa = PBXBuildFile; fileRef = 2C231CAA1C20D50B00718281 /* ArrayIntegerType+squareOfSums.swift */; settings = {ASSET_TAGS = (); }; };
		2C231CAD1C20D55D00718281 /* Array+getSubArraysOfWidth.swift in Sources */ = {isa = PBXBuildFile; fileRef = 2C231CAC1C20D55D00718281 /* Array+getSubArraysOfWidth.swift */; settings = {ASSET_TAGS = (); }; };
		2C231CAF1C20D5AD00718281 /* SequenceType+take.swift in Sources */ = {isa = PBXBuildFile; fileRef = 2C231CAE1C20D5AD00718281 /* SequenceType+take.swift */; settings = {ASSET_TAGS = (); }; };
		2C231CB11C20D5CF00718281 /* SequenceType+get.swift in Sources */ = {isa = PBXBuildFile; fileRef = 2C231CB01C20D5CF00718281 /* SequenceType+get.swift */; settings = {ASSET_TAGS = (); }; };
		2C231CCD1C20D8B800718281 /* 0001.swift in Sources */ = {isa = PBXBuildFile; fileRef = 2C231CC31C20D8B800718281 /* 0001.swift */; settings = {ASSET_TAGS = (); }; };
		2C231CCE1C20D8B800718281 /* 0002.swift in Sources */ = {isa = PBXBuildFile; fileRef = 2C231CC41C20D8B800718281 /* 0002.swift */; settings = {ASSET_TAGS = (); }; };
		2C231CCF1C20D8B800718281 /* 0003.swift in Sources */ = {isa = PBXBuildFile; fileRef = 2C231CC51C20D8B800718281 /* 0003.swift */; settings = {ASSET_TAGS = (); }; };
		2C231CD01C20D8B800718281 /* 0004.swift in Sources */ = {isa = PBXBuildFile; fileRef = 2C231CC61C20D8B800718281 /* 0004.swift */; settings = {ASSET_TAGS = (); }; };
		2C231CD11C20D8B800718281 /* 0005.swift in Sources */ = {isa = PBXBuildFile; fileRef = 2C231CC71C20D8B800718281 /* 0005.swift */; settings = {ASSET_TAGS = (); }; };
		2C231CD21C20D8B800718281 /* 0006.swift in Sources */ = {isa = PBXBuildFile; fileRef = 2C231CC81C20D8B800718281 /* 0006.swift */; settings = {ASSET_TAGS = (); }; };
		2C231CD31C20D8B800718281 /* 0007.swift in Sources */ = {isa = PBXBuildFile; fileRef = 2C231CC91C20D8B800718281 /* 0007.swift */; settings = {ASSET_TAGS = (); }; };
		2C231CD41C20D8B800718281 /* 0008.swift in Sources */ = {isa = PBXBuildFile; fileRef = 2C231CCA1C20D8B800718281 /* 0008.swift */; settings = {ASSET_TAGS = (); }; };
		2C231CD51C20D8B800718281 /* 0009.swift in Sources */ = {isa = PBXBuildFile; fileRef = 2C231CCB1C20D8B800718281 /* 0009.swift */; settings = {ASSET_TAGS = (); }; };
		2C231CD61C20D8B800718281 /* 0010.swift in Sources */ = {isa = PBXBuildFile; fileRef = 2C231CCC1C20D8B800718281 /* 0010.swift */; settings = {ASSET_TAGS = (); }; };
		2C231CE01C20D8C600718281 /* 0001Tests.swift in Sources */ = {isa = PBXBuildFile; fileRef = 2C231CD81C20D8C600718281 /* 0001Tests.swift */; settings = {ASSET_TAGS = (); }; };
		2C231CE11C20D8C600718281 /* 0002Tests.swift in Sources */ = {isa = PBXBuildFile; fileRef = 2C231CD91C20D8C600718281 /* 0002Tests.swift */; settings = {ASSET_TAGS = (); }; };
		2C231CE21C20D8C600718281 /* 0003Tests.swift in Sources */ = {isa = PBXBuildFile; fileRef = 2C231CDA1C20D8C600718281 /* 0003Tests.swift */; settings = {ASSET_TAGS = (); }; };
		2C231CE31C20D8C600718281 /* 0004Tests.swift in Sources */ = {isa = PBXBuildFile; fileRef = 2C231CDB1C20D8C600718281 /* 0004Tests.swift */; settings = {ASSET_TAGS = (); }; };
		2C231CE41C20D8C600718281 /* 0005Tests.swift in Sources */ = {isa = PBXBuildFile; fileRef = 2C231CDC1C20D8C600718281 /* 0005Tests.swift */; settings = {ASSET_TAGS = (); }; };
		2C231CE51C20D8C600718281 /* 0006Tests.swift in Sources */ = {isa = PBXBuildFile; fileRef = 2C231CDD1C20D8C600718281 /* 0006Tests.swift */; settings = {ASSET_TAGS = (); }; };
		2C231CE61C20D8C600718281 /* 0007Tests.swift in Sources */ = {isa = PBXBuildFile; fileRef = 2C231CDE1C20D8C600718281 /* 0007Tests.swift */; settings = {ASSET_TAGS = (); }; };
		2C231CE71C20D8C600718281 /* 0008Tests.swift in Sources */ = {isa = PBXBuildFile; fileRef = 2C231CDF1C20D8C600718281 /* 0008Tests.swift */; settings = {ASSET_TAGS = (); }; };
		2C231CE91C20D9DA00718281 /* 0009Tests.swift in Sources */ = {isa = PBXBuildFile; fileRef = 2C231CE81C20D9DA00718281 /* 0009Tests.swift */; settings = {ASSET_TAGS = (); }; };
		2C231CEB1C20DA3600718281 /* 0010Tests.swift in Sources */ = {isa = PBXBuildFile; fileRef = 2C231CEA1C20DA3600718281 /* 0010Tests.swift */; settings = {ASSET_TAGS = (); }; };
		2C231CEF1C20DD6800718281 /* 0011.swift in Sources */ = {isa = PBXBuildFile; fileRef = 2C231CEE1C20DD6800718281 /* 0011.swift */; settings = {ASSET_TAGS = (); }; };
		2C231CF11C20DDF600718281 /* 0011Tests.swift in Sources */ = {isa = PBXBuildFile; fileRef = 2C231CF01C20DDF600718281 /* 0011Tests.swift */; settings = {ASSET_TAGS = (); }; };
		2C231CF91C20E0D400718281 /* EquatableTuples.swift in Sources */ = {isa = PBXBuildFile; fileRef = 2C231CF81C20E0D400718281 /* EquatableTuples.swift */; settings = {ASSET_TAGS = (); }; };
		2C92B6BF1C22CBA7009A0A68 /* Array2DTests.swift in Sources */ = {isa = PBXBuildFile; fileRef = 2C92B6BE1C22CBA7009A0A68 /* Array2DTests.swift */; settings = {ASSET_TAGS = (); }; };
		2C92B6C11C22CE57009A0A68 /* 0012.swift in Sources */ = {isa = PBXBuildFile; fileRef = 2C92B6C01C22CE57009A0A68 /* 0012.swift */; settings = {ASSET_TAGS = (); }; };
		2C92B6C31C22D1CF009A0A68 /* TriangleNumbers.swift in Sources */ = {isa = PBXBuildFile; fileRef = 2C92B6C21C22D1CF009A0A68 /* TriangleNumbers.swift */; settings = {ASSET_TAGS = (); }; };
		2C92B6C51C22D29D009A0A68 /* 0012Tests.swift in Sources */ = {isa = PBXBuildFile; fileRef = 2C92B6C41C22D29D009A0A68 /* 0012Tests.swift */; settings = {ASSET_TAGS = (); }; };
		2C92B6CC1C22E14E009A0A68 /* Int+getPrimeFactors.swift in Sources */ = {isa = PBXBuildFile; fileRef = 2C92B6CB1C22E14E009A0A68 /* Int+getPrimeFactors.swift */; settings = {ASSET_TAGS = (); }; };
		2C92B6CE1C22E469009A0A68 /* Int+getNumberOfDivisors.swift in Sources */ = {isa = PBXBuildFile; fileRef = 2C92B6CD1C22E469009A0A68 /* Int+getNumberOfDivisors.swift */; settings = {ASSET_TAGS = (); }; };
		2C92B6D01C22E61A009A0A68 /* 0013.swift in Sources */ = {isa = PBXBuildFile; fileRef = 2C92B6CF1C22E61A009A0A68 /* 0013.swift */; settings = {ASSET_TAGS = (); }; };
		2C92B6D21C22E771009A0A68 /* 0013Tests.swift in Sources */ = {isa = PBXBuildFile; fileRef = 2C92B6D11C22E771009A0A68 /* 0013Tests.swift */; settings = {ASSET_TAGS = (); }; };
		2C92B6D51C23090B009A0A68 /* String+isNumeric.swift in Sources */ = {isa = PBXBuildFile; fileRef = 2C92B6D41C23090B009A0A68 /* String+isNumeric.swift */; settings = {ASSET_TAGS = (); }; };
		2C92B6D71C2309C5009A0A68 /* String+addNumeric.swift in Sources */ = {isa = PBXBuildFile; fileRef = 2C92B6D61C2309C5009A0A68 /* String+addNumeric.swift */; settings = {ASSET_TAGS = (); }; };
		2C92B6DA1C230AC6009A0A68 /* ArrayStringLiteralConvertible+sum.swift in Sources */ = {isa = PBXBuildFile; fileRef = 2C92B6D91C230AC6009A0A68 /* ArrayStringLiteralConvertible+sum.swift */; settings = {ASSET_TAGS = (); }; };
		2C92B6DC1C230E6C009A0A68 /* String+subscript.swift in Sources */ = {isa = PBXBuildFile; fileRef = 2C92B6DB1C230E6C009A0A68 /* String+subscript.swift */; settings = {ASSET_TAGS = (); }; };
		2C92B6DE1C230F70009A0A68 /* 0014.swift in Sources */ = {isa = PBXBuildFile; fileRef = 2C92B6DD1C230F70009A0A68 /* 0014.swift */; settings = {ASSET_TAGS = (); }; };
		2C92B6E01C230FCD009A0A68 /* 0014Tests.swift in Sources */ = {isa = PBXBuildFile; fileRef = 2C92B6DF1C230FCD009A0A68 /* 0014Tests.swift */; settings = {ASSET_TAGS = (); }; };
		2C92B6E21C230FE2009A0A68 /* CollatzSequence.swift in Sources */ = {isa = PBXBuildFile; fileRef = 2C92B6E11C230FE2009A0A68 /* CollatzSequence.swift */; settings = {ASSET_TAGS = (); }; };
		2C92B6E41C231B51009A0A68 /* 0015.swift in Sources */ = {isa = PBXBuildFile; fileRef = 2C92B6E31C231B51009A0A68 /* 0015.swift */; settings = {ASSET_TAGS = (); }; };
		2C92B6E61C231DD1009A0A68 /* CentralBinomialCoefficientsSequence.swift in Sources */ = {isa = PBXBuildFile; fileRef = 2C92B6E51C231DD1009A0A68 /* CentralBinomialCoefficientsSequence.swift */; settings = {ASSET_TAGS = (); }; };
		2C92B6EA1C233400009A0A68 /* 0015Tests.swift in Sources */ = {isa = PBXBuildFile; fileRef = 2C92B6E91C233400009A0A68 /* 0015Tests.swift */; settings = {ASSET_TAGS = (); }; };
		2C92B6ED1C23352A009A0A68 /* Double+factorial.swift in Sources */ = {isa = PBXBuildFile; fileRef = 2C92B6EC1C23352A009A0A68 /* Double+factorial.swift */; settings = {ASSET_TAGS = (); }; };
		2C92B6EF1C2335E4009A0A68 /* 0016.swift in Sources */ = {isa = PBXBuildFile; fileRef = 2C92B6EE1C2335E4009A0A68 /* 0016.swift */; settings = {ASSET_TAGS = (); }; };
		2C92B6F11C233A35009A0A68 /* 0016Tests.swift in Sources */ = {isa = PBXBuildFile; fileRef = 2C92B6F01C233A35009A0A68 /* 0016Tests.swift */; settings = {ASSET_TAGS = (); }; };
		2C92B6F41C234062009A0A68 /* String+Private.swift in Sources */ = {isa = PBXBuildFile; fileRef = 2C92B6F21C23405F009A0A68 /* String+Private.swift */; settings = {ASSET_TAGS = (); }; };
		2C92B6F61C234087009A0A68 /* String+multiplyNumeric.swift in Sources */ = {isa = PBXBuildFile; fileRef = 2C92B6F51C234087009A0A68 /* String+multiplyNumeric.swift */; settings = {ASSET_TAGS = (); }; };
		2C92B6F81C2340AF009A0A68 /* String+raiseNumericToPower.swift in Sources */ = {isa = PBXBuildFile; fileRef = 2C92B6F71C2340AF009A0A68 /* String+raiseNumericToPower.swift */; settings = {ASSET_TAGS = (); }; };
		2CBA5EEE1C21AF4D00E1DF98 /* Array2D.swift in Sources */ = {isa = PBXBuildFile; fileRef = 2CBA5EED1C21AF4D00E1DF98 /* Array2D.swift */; settings = {ASSET_TAGS = (); }; };
		2CBA5EF11C21AF5C00E1DF98 /* Array2D+init.swift in Sources */ = {isa = PBXBuildFile; fileRef = 2CBA5EF01C21AF5C00E1DF98 /* Array2D+init.swift */; settings = {ASSET_TAGS = (); }; };
/* End PBXBuildFile section */

/* Begin PBXContainerItemProxy section */
		2C231C331C1F461300718281 /* PBXContainerItemProxy */ = {
			isa = PBXContainerItemProxy;
			containerPortal = 2C231C111C1F45CD00718281 /* Project object */;
			proxyType = 1;
			remoteGlobalIDString = 2C231C181C1F45CD00718281;
			remoteInfo = ProjectEuler;
		};
/* End PBXContainerItemProxy section */

/* Begin PBXFileReference section */
		2C231C191C1F45CD00718281 /* libProblems.dylib */ = {isa = PBXFileReference; explicitFileType = "compiled.mach-o.dylib"; includeInIndex = 0; path = libProblems.dylib; sourceTree = BUILT_PRODUCTS_DIR; };
		2C231C2D1C1F461300718281 /* Tests.xctest */ = {isa = PBXFileReference; explicitFileType = wrapper.cfbundle; includeInIndex = 0; path = Tests.xctest; sourceTree = BUILT_PRODUCTS_DIR; };
		2C231C871C20D3CF00718281 /* Int+isEven.swift */ = {isa = PBXFileReference; fileEncoding = 4; lastKnownFileType = sourcecode.swift; path = "Int+isEven.swift"; sourceTree = "<group>"; };
		2C231C881C20D3CF00718281 /* Int+isMultipleOf.swift */ = {isa = PBXFileReference; fileEncoding = 4; lastKnownFileType = sourcecode.swift; path = "Int+isMultipleOf.swift"; sourceTree = "<group>"; };
		2C231C891C20D3CF00718281 /* Int+isMultipleOfAll.swift */ = {isa = PBXFileReference; fileEncoding = 4; lastKnownFileType = sourcecode.swift; path = "Int+isMultipleOfAll.swift"; sourceTree = "<group>"; };
		2C231C8A1C20D3CF00718281 /* Int+isMultipleOfAny.swift */ = {isa = PBXFileReference; fileEncoding = 4; lastKnownFileType = sourcecode.swift; path = "Int+isMultipleOfAny.swift"; sourceTree = "<group>"; };
		2C231C8B1C20D3CF00718281 /* Int+isPrime.swift */ = {isa = PBXFileReference; fileEncoding = 4; lastKnownFileType = sourcecode.swift; path = "Int+isPrime.swift"; sourceTree = "<group>"; };
		2C231C8C1C20D3CF00718281 /* Int+largestPossibleFactor.swift */ = {isa = PBXFileReference; fileEncoding = 4; lastKnownFileType = sourcecode.swift; path = "Int+largestPossibleFactor.swift"; sourceTree = "<group>"; };
		2C231C8D1C20D3CF00718281 /* Int+largestPrimeFactor.swift */ = {isa = PBXFileReference; fileEncoding = 4; lastKnownFileType = sourcecode.swift; path = "Int+largestPrimeFactor.swift"; sourceTree = "<group>"; };
		2C231C921C20D3CF00718281 /* FibonacciSequence.swift */ = {isa = PBXFileReference; fileEncoding = 4; lastKnownFileType = sourcecode.swift; path = FibonacciSequence.swift; sourceTree = "<group>"; };
		2C231C931C20D3CF00718281 /* PrimeSequence.swift */ = {isa = PBXFileReference; fileEncoding = 4; lastKnownFileType = sourcecode.swift; path = PrimeSequence.swift; sourceTree = "<group>"; };
		2C231C9E1C20D40800718281 /* Int+isPalindromic.swift */ = {isa = PBXFileReference; fileEncoding = 4; lastKnownFileType = sourcecode.swift; path = "Int+isPalindromic.swift"; sourceTree = "<group>"; };
		2C231CA01C20D42600718281 /* Int+getPythagoreanTriplet.swift */ = {isa = PBXFileReference; fileEncoding = 4; lastKnownFileType = sourcecode.swift; path = "Int+getPythagoreanTriplet.swift"; sourceTree = "<group>"; };
		2C231CA21C20D45600718281 /* ArrayIntegerType+sum.swift */ = {isa = PBXFileReference; fileEncoding = 4; lastKnownFileType = sourcecode.swift; path = "ArrayIntegerType+sum.swift"; sourceTree = "<group>"; };
		2C231CA41C20D47C00718281 /* ArrayIntegerType+product.swift */ = {isa = PBXFileReference; fileEncoding = 4; lastKnownFileType = sourcecode.swift; path = "ArrayIntegerType+product.swift"; sourceTree = "<group>"; };
		2C231CA61C20D4AC00718281 /* ArrayIntegerType+leastCommonMultiple.swift */ = {isa = PBXFileReference; fileEncoding = 4; lastKnownFileType = sourcecode.swift; path = "ArrayIntegerType+leastCommonMultiple.swift"; sourceTree = "<group>"; };
		2C231CA81C20D4DC00718281 /* ArrayIntegerType+sumOfSquares.swift */ = {isa = PBXFileReference; fileEncoding = 4; lastKnownFileType = sourcecode.swift; path = "ArrayIntegerType+sumOfSquares.swift"; sourceTree = "<group>"; };
		2C231CAA1C20D50B00718281 /* ArrayIntegerType+squareOfSums.swift */ = {isa = PBXFileReference; fileEncoding = 4; lastKnownFileType = sourcecode.swift; path = "ArrayIntegerType+squareOfSums.swift"; sourceTree = "<group>"; };
		2C231CAC1C20D55D00718281 /* Array+getSubArraysOfWidth.swift */ = {isa = PBXFileReference; fileEncoding = 4; lastKnownFileType = sourcecode.swift; path = "Array+getSubArraysOfWidth.swift"; sourceTree = "<group>"; };
		2C231CAE1C20D5AD00718281 /* SequenceType+take.swift */ = {isa = PBXFileReference; fileEncoding = 4; lastKnownFileType = sourcecode.swift; path = "SequenceType+take.swift"; sourceTree = "<group>"; };
		2C231CB01C20D5CF00718281 /* SequenceType+get.swift */ = {isa = PBXFileReference; fileEncoding = 4; lastKnownFileType = sourcecode.swift; path = "SequenceType+get.swift"; sourceTree = "<group>"; };
		2C231CC31C20D8B800718281 /* 0001.swift */ = {isa = PBXFileReference; fileEncoding = 4; lastKnownFileType = sourcecode.swift; path = 0001.swift; sourceTree = "<group>"; };
		2C231CC41C20D8B800718281 /* 0002.swift */ = {isa = PBXFileReference; fileEncoding = 4; lastKnownFileType = sourcecode.swift; path = 0002.swift; sourceTree = "<group>"; };
		2C231CC51C20D8B800718281 /* 0003.swift */ = {isa = PBXFileReference; fileEncoding = 4; lastKnownFileType = sourcecode.swift; path = 0003.swift; sourceTree = "<group>"; };
		2C231CC61C20D8B800718281 /* 0004.swift */ = {isa = PBXFileReference; fileEncoding = 4; lastKnownFileType = sourcecode.swift; path = 0004.swift; sourceTree = "<group>"; };
		2C231CC71C20D8B800718281 /* 0005.swift */ = {isa = PBXFileReference; fileEncoding = 4; lastKnownFileType = sourcecode.swift; path = 0005.swift; sourceTree = "<group>"; };
		2C231CC81C20D8B800718281 /* 0006.swift */ = {isa = PBXFileReference; fileEncoding = 4; lastKnownFileType = sourcecode.swift; path = 0006.swift; sourceTree = "<group>"; };
		2C231CC91C20D8B800718281 /* 0007.swift */ = {isa = PBXFileReference; fileEncoding = 4; lastKnownFileType = sourcecode.swift; path = 0007.swift; sourceTree = "<group>"; };
		2C231CCA1C20D8B800718281 /* 0008.swift */ = {isa = PBXFileReference; fileEncoding = 4; lastKnownFileType = sourcecode.swift; path = 0008.swift; sourceTree = "<group>"; };
		2C231CCB1C20D8B800718281 /* 0009.swift */ = {isa = PBXFileReference; fileEncoding = 4; lastKnownFileType = sourcecode.swift; path = 0009.swift; sourceTree = "<group>"; };
		2C231CCC1C20D8B800718281 /* 0010.swift */ = {isa = PBXFileReference; fileEncoding = 4; lastKnownFileType = sourcecode.swift; path = 0010.swift; sourceTree = "<group>"; };
		2C231CD81C20D8C600718281 /* 0001Tests.swift */ = {isa = PBXFileReference; fileEncoding = 4; lastKnownFileType = sourcecode.swift; path = 0001Tests.swift; sourceTree = "<group>"; };
		2C231CD91C20D8C600718281 /* 0002Tests.swift */ = {isa = PBXFileReference; fileEncoding = 4; lastKnownFileType = sourcecode.swift; path = 0002Tests.swift; sourceTree = "<group>"; };
		2C231CDA1C20D8C600718281 /* 0003Tests.swift */ = {isa = PBXFileReference; fileEncoding = 4; lastKnownFileType = sourcecode.swift; path = 0003Tests.swift; sourceTree = "<group>"; };
		2C231CDB1C20D8C600718281 /* 0004Tests.swift */ = {isa = PBXFileReference; fileEncoding = 4; lastKnownFileType = sourcecode.swift; path = 0004Tests.swift; sourceTree = "<group>"; };
		2C231CDC1C20D8C600718281 /* 0005Tests.swift */ = {isa = PBXFileReference; fileEncoding = 4; lastKnownFileType = sourcecode.swift; path = 0005Tests.swift; sourceTree = "<group>"; };
		2C231CDD1C20D8C600718281 /* 0006Tests.swift */ = {isa = PBXFileReference; fileEncoding = 4; lastKnownFileType = sourcecode.swift; path = 0006Tests.swift; sourceTree = "<group>"; };
		2C231CDE1C20D8C600718281 /* 0007Tests.swift */ = {isa = PBXFileReference; fileEncoding = 4; lastKnownFileType = sourcecode.swift; path = 0007Tests.swift; sourceTree = "<group>"; };
		2C231CDF1C20D8C600718281 /* 0008Tests.swift */ = {isa = PBXFileReference; fileEncoding = 4; lastKnownFileType = sourcecode.swift; path = 0008Tests.swift; sourceTree = "<group>"; };
		2C231CE81C20D9DA00718281 /* 0009Tests.swift */ = {isa = PBXFileReference; fileEncoding = 4; lastKnownFileType = sourcecode.swift; path = 0009Tests.swift; sourceTree = "<group>"; };
		2C231CEA1C20DA3600718281 /* 0010Tests.swift */ = {isa = PBXFileReference; fileEncoding = 4; lastKnownFileType = sourcecode.swift; path = 0010Tests.swift; sourceTree = "<group>"; };
		2C231CEE1C20DD6800718281 /* 0011.swift */ = {isa = PBXFileReference; fileEncoding = 4; lastKnownFileType = sourcecode.swift; path = 0011.swift; sourceTree = "<group>"; };
		2C231CF01C20DDF600718281 /* 0011Tests.swift */ = {isa = PBXFileReference; fileEncoding = 4; lastKnownFileType = sourcecode.swift; path = 0011Tests.swift; sourceTree = "<group>"; };
		2C231CF81C20E0D400718281 /* EquatableTuples.swift */ = {isa = PBXFileReference; fileEncoding = 4; lastKnownFileType = sourcecode.swift; path = EquatableTuples.swift; sourceTree = "<group>"; };
		2C92B6BE1C22CBA7009A0A68 /* Array2DTests.swift */ = {isa = PBXFileReference; fileEncoding = 4; lastKnownFileType = sourcecode.swift; path = Array2DTests.swift; sourceTree = "<group>"; };
		2C92B6C01C22CE57009A0A68 /* 0012.swift */ = {isa = PBXFileReference; fileEncoding = 4; lastKnownFileType = sourcecode.swift; path = 0012.swift; sourceTree = "<group>"; };
		2C92B6C21C22D1CF009A0A68 /* TriangleNumbers.swift */ = {isa = PBXFileReference; fileEncoding = 4; lastKnownFileType = sourcecode.swift; path = TriangleNumbers.swift; sourceTree = "<group>"; };
		2C92B6C41C22D29D009A0A68 /* 0012Tests.swift */ = {isa = PBXFileReference; fileEncoding = 4; lastKnownFileType = sourcecode.swift; path = 0012Tests.swift; sourceTree = "<group>"; };
		2C92B6CB1C22E14E009A0A68 /* Int+getPrimeFactors.swift */ = {isa = PBXFileReference; fileEncoding = 4; lastKnownFileType = sourcecode.swift; path = "Int+getPrimeFactors.swift"; sourceTree = "<group>"; };
		2C92B6CD1C22E469009A0A68 /* Int+getNumberOfDivisors.swift */ = {isa = PBXFileReference; fileEncoding = 4; lastKnownFileType = sourcecode.swift; path = "Int+getNumberOfDivisors.swift"; sourceTree = "<group>"; };
		2C92B6CF1C22E61A009A0A68 /* 0013.swift */ = {isa = PBXFileReference; fileEncoding = 4; lastKnownFileType = sourcecode.swift; path = 0013.swift; sourceTree = "<group>"; };
		2C92B6D11C22E771009A0A68 /* 0013Tests.swift */ = {isa = PBXFileReference; fileEncoding = 4; lastKnownFileType = sourcecode.swift; path = 0013Tests.swift; sourceTree = "<group>"; };
		2C92B6D41C23090B009A0A68 /* String+isNumeric.swift */ = {isa = PBXFileReference; fileEncoding = 4; lastKnownFileType = sourcecode.swift; path = "String+isNumeric.swift"; sourceTree = "<group>"; };
		2C92B6D61C2309C5009A0A68 /* String+addNumeric.swift */ = {isa = PBXFileReference; fileEncoding = 4; lastKnownFileType = sourcecode.swift; path = "String+addNumeric.swift"; sourceTree = "<group>"; };
		2C92B6D91C230AC6009A0A68 /* ArrayStringLiteralConvertible+sum.swift */ = {isa = PBXFileReference; fileEncoding = 4; lastKnownFileType = sourcecode.swift; path = "ArrayStringLiteralConvertible+sum.swift"; sourceTree = "<group>"; };
		2C92B6DB1C230E6C009A0A68 /* String+subscript.swift */ = {isa = PBXFileReference; fileEncoding = 4; lastKnownFileType = sourcecode.swift; path = "String+subscript.swift"; sourceTree = "<group>"; };
		2C92B6DD1C230F70009A0A68 /* 0014.swift */ = {isa = PBXFileReference; fileEncoding = 4; lastKnownFileType = sourcecode.swift; path = 0014.swift; sourceTree = "<group>"; };
		2C92B6DF1C230FCD009A0A68 /* 0014Tests.swift */ = {isa = PBXFileReference; fileEncoding = 4; lastKnownFileType = sourcecode.swift; path = 0014Tests.swift; sourceTree = "<group>"; };
		2C92B6E11C230FE2009A0A68 /* CollatzSequence.swift */ = {isa = PBXFileReference; fileEncoding = 4; lastKnownFileType = sourcecode.swift; path = CollatzSequence.swift; sourceTree = "<group>"; };
		2C92B6E31C231B51009A0A68 /* 0015.swift */ = {isa = PBXFileReference; fileEncoding = 4; lastKnownFileType = sourcecode.swift; path = 0015.swift; sourceTree = "<group>"; };
		2C92B6E51C231DD1009A0A68 /* CentralBinomialCoefficientsSequence.swift */ = {isa = PBXFileReference; fileEncoding = 4; lastKnownFileType = sourcecode.swift; path = CentralBinomialCoefficientsSequence.swift; sourceTree = "<group>"; };
		2C92B6E91C233400009A0A68 /* 0015Tests.swift */ = {isa = PBXFileReference; fileEncoding = 4; lastKnownFileType = sourcecode.swift; path = 0015Tests.swift; sourceTree = "<group>"; };
		2C92B6EC1C23352A009A0A68 /* Double+factorial.swift */ = {isa = PBXFileReference; fileEncoding = 4; lastKnownFileType = sourcecode.swift; path = "Double+factorial.swift"; sourceTree = "<group>"; };
		2C92B6EE1C2335E4009A0A68 /* 0016.swift */ = {isa = PBXFileReference; fileEncoding = 4; lastKnownFileType = sourcecode.swift; path = 0016.swift; sourceTree = "<group>"; };
		2C92B6F01C233A35009A0A68 /* 0016Tests.swift */ = {isa = PBXFileReference; fileEncoding = 4; lastKnownFileType = sourcecode.swift; path = 0016Tests.swift; sourceTree = "<group>"; };
		2C92B6F21C23405F009A0A68 /* String+Private.swift */ = {isa = PBXFileReference; fileEncoding = 4; lastKnownFileType = sourcecode.swift; path = "String+Private.swift"; sourceTree = "<group>"; };
		2C92B6F51C234087009A0A68 /* String+multiplyNumeric.swift */ = {isa = PBXFileReference; fileEncoding = 4; lastKnownFileType = sourcecode.swift; path = "String+multiplyNumeric.swift"; sourceTree = "<group>"; };
		2C92B6F71C2340AF009A0A68 /* String+raiseNumericToPower.swift */ = {isa = PBXFileReference; fileEncoding = 4; lastKnownFileType = sourcecode.swift; path = "String+raiseNumericToPower.swift"; sourceTree = "<group>"; };
		2CBA5EED1C21AF4D00E1DF98 /* Array2D.swift */ = {isa = PBXFileReference; fileEncoding = 4; lastKnownFileType = sourcecode.swift; path = Array2D.swift; sourceTree = "<group>"; };
		2CBA5EF01C21AF5C00E1DF98 /* Array2D+init.swift */ = {isa = PBXFileReference; fileEncoding = 4; lastKnownFileType = sourcecode.swift; path = "Array2D+init.swift"; sourceTree = "<group>"; };
/* End PBXFileReference section */

/* Begin PBXFrameworksBuildPhase section */
		2C231C161C1F45CD00718281 /* Frameworks */ = {
			isa = PBXFrameworksBuildPhase;
			buildActionMask = 2147483647;
			files = (
			);
			runOnlyForDeploymentPostprocessing = 0;
		};
		2C231C2A1C1F461300718281 /* Frameworks */ = {
			isa = PBXFrameworksBuildPhase;
			buildActionMask = 2147483647;
			files = (
				2C231C321C1F461300718281 /* libProblems.dylib in Frameworks */,
			);
			runOnlyForDeploymentPostprocessing = 0;
		};
/* End PBXFrameworksBuildPhase section */

/* Begin PBXGroup section */
		2C231C101C1F45CD00718281 = {
			isa = PBXGroup;
			children = (
				2C231C821C20D3CF00718281 /* Tools */,
				2C231C3E1C1F494300718281 /* Problems */,
				2C231C401C1F494300718281 /* Tests */,
				2C231C1A1C1F45CD00718281 /* Products */,
			);
			sourceTree = "<group>";
		};
		2C231C1A1C1F45CD00718281 /* Products */ = {
			isa = PBXGroup;
			children = (
				2C231C191C1F45CD00718281 /* libProblems.dylib */,
				2C231C2D1C1F461300718281 /* Tests.xctest */,
			);
			name = Products;
			sourceTree = "<group>";
		};
		2C231C3E1C1F494300718281 /* Problems */ = {
			isa = PBXGroup;
			children = (
				2C231CC21C20D8B800718281 /* 0001-0010 */,
				2C231CEC1C20DCE500718281 /* 0011-0020 */,
			);
			path = Problems;
			sourceTree = "<group>";
		};
		2C231C401C1F494300718281 /* Tests */ = {
			isa = PBXGroup;
			children = (
				2C92B6BC1C22CB9C009A0A68 /* Tools */,
				2C231CD71C20D8C600718281 /* 0001-0010 */,
				2C231CED1C20DD0000718281 /* 0011-0020 */,
			);
			path = Tests;
			sourceTree = "<group>";
		};
		2C231C821C20D3CF00718281 /* Tools */ = {
			isa = PBXGroup;
			children = (
				2C231D031C20F5C600718281 /* Classes */,
				2C231D041C20F5C600718281 /* Structs */,
				2C231C831C20D3CF00718281 /* Extensions */,
				2C231CF71C20E0C400718281 /* Functions */,
				2C231C911C20D3CF00718281 /* Sequences */,
			);
			path = Tools;
			sourceTree = "<group>";
		};
		2C231C831C20D3CF00718281 /* Extensions */ = {
			isa = PBXGroup;
			children = (
				2C231C841C20D3CF00718281 /* Array */,
				2CBA5EEF1C21AF5C00E1DF98 /* Array2D */,
				2C92B6EB1C23352A009A0A68 /* Double */,
				2C231C861C20D3CF00718281 /* Int */,
				2C231C8E1C20D3CF00718281 /* SequenceType */,
				2C92B6D31C2308F7009A0A68 /* String */,
			);
			path = Extensions;
			sourceTree = "<group>";
		};
		2C231C841C20D3CF00718281 /* Array */ = {
			isa = PBXGroup;
			children = (
				2C92B6D81C230ABF009A0A68 /* String */,
				2C231C851C20D3CF00718281 /* IntegerType */,
				2C231CAC1C20D55D00718281 /* Array+getSubArraysOfWidth.swift */,
			);
			path = Array;
			sourceTree = "<group>";
		};
		2C231C851C20D3CF00718281 /* IntegerType */ = {
			isa = PBXGroup;
			children = (
				2C231CA21C20D45600718281 /* ArrayIntegerType+sum.swift */,
				2C231CA41C20D47C00718281 /* ArrayIntegerType+product.swift */,
				2C231CA61C20D4AC00718281 /* ArrayIntegerType+leastCommonMultiple.swift */,
				2C231CA81C20D4DC00718281 /* ArrayIntegerType+sumOfSquares.swift */,
				2C231CAA1C20D50B00718281 /* ArrayIntegerType+squareOfSums.swift */,
			);
			path = IntegerType;
			sourceTree = "<group>";
		};
		2C231C861C20D3CF00718281 /* Int */ = {
			isa = PBXGroup;
			children = (
				2C231C871C20D3CF00718281 /* Int+isEven.swift */,
				2C231C881C20D3CF00718281 /* Int+isMultipleOf.swift */,
				2C231C891C20D3CF00718281 /* Int+isMultipleOfAll.swift */,
				2C231C8A1C20D3CF00718281 /* Int+isMultipleOfAny.swift */,
				2C231C9E1C20D40800718281 /* Int+isPalindromic.swift */,
				2C231C8B1C20D3CF00718281 /* Int+isPrime.swift */,
				2C231C8C1C20D3CF00718281 /* Int+largestPossibleFactor.swift */,
				2C231C8D1C20D3CF00718281 /* Int+largestPrimeFactor.swift */,
				2C231CA01C20D42600718281 /* Int+getPythagoreanTriplet.swift */,
				2C92B6CB1C22E14E009A0A68 /* Int+getPrimeFactors.swift */,
				2C92B6CD1C22E469009A0A68 /* Int+getNumberOfDivisors.swift */,
			);
			path = Int;
			sourceTree = "<group>";
		};
		2C231C8E1C20D3CF00718281 /* SequenceType */ = {
			isa = PBXGroup;
			children = (
				2C231CAE1C20D5AD00718281 /* SequenceType+take.swift */,
				2C231CB01C20D5CF00718281 /* SequenceType+get.swift */,
			);
			path = SequenceType;
			sourceTree = "<group>";
		};
		2C231C911C20D3CF00718281 /* Sequences */ = {
			isa = PBXGroup;
			children = (
				2C231C921C20D3CF00718281 /* FibonacciSequence.swift */,
				2C231C931C20D3CF00718281 /* PrimeSequence.swift */,
				2C92B6C21C22D1CF009A0A68 /* TriangleNumbers.swift */,
				2C92B6E11C230FE2009A0A68 /* CollatzSequence.swift */,
				2C92B6E51C231DD1009A0A68 /* CentralBinomialCoefficientsSequence.swift */,
			);
			path = Sequences;
			sourceTree = "<group>";
		};
		2C231CC21C20D8B800718281 /* 0001-0010 */ = {
			isa = PBXGroup;
			children = (
				2C231CC31C20D8B800718281 /* 0001.swift */,
				2C231CC41C20D8B800718281 /* 0002.swift */,
				2C231CC51C20D8B800718281 /* 0003.swift */,
				2C231CC61C20D8B800718281 /* 0004.swift */,
				2C231CC71C20D8B800718281 /* 0005.swift */,
				2C231CC81C20D8B800718281 /* 0006.swift */,
				2C231CC91C20D8B800718281 /* 0007.swift */,
				2C231CCA1C20D8B800718281 /* 0008.swift */,
				2C231CCB1C20D8B800718281 /* 0009.swift */,
				2C231CCC1C20D8B800718281 /* 0010.swift */,
			);
			path = "0001-0010";
			sourceTree = "<group>";
		};
		2C231CD71C20D8C600718281 /* 0001-0010 */ = {
			isa = PBXGroup;
			children = (
				2C231CD81C20D8C600718281 /* 0001Tests.swift */,
				2C231CD91C20D8C600718281 /* 0002Tests.swift */,
				2C231CDA1C20D8C600718281 /* 0003Tests.swift */,
				2C231CDB1C20D8C600718281 /* 0004Tests.swift */,
				2C231CDC1C20D8C600718281 /* 0005Tests.swift */,
				2C231CDD1C20D8C600718281 /* 0006Tests.swift */,
				2C231CDE1C20D8C600718281 /* 0007Tests.swift */,
				2C231CDF1C20D8C600718281 /* 0008Tests.swift */,
				2C231CE81C20D9DA00718281 /* 0009Tests.swift */,
				2C231CEA1C20DA3600718281 /* 0010Tests.swift */,
			);
			path = "0001-0010";
			sourceTree = "<group>";
		};
		2C231CEC1C20DCE500718281 /* 0011-0020 */ = {
			isa = PBXGroup;
			children = (
				2C231CEE1C20DD6800718281 /* 0011.swift */,
				2C92B6C01C22CE57009A0A68 /* 0012.swift */,
				2C92B6CF1C22E61A009A0A68 /* 0013.swift */,
				2C92B6DD1C230F70009A0A68 /* 0014.swift */,
				2C92B6E31C231B51009A0A68 /* 0015.swift */,
				2C92B6EE1C2335E4009A0A68 /* 0016.swift */,
			);
			path = "0011-0020";
			sourceTree = "<group>";
		};
		2C231CED1C20DD0000718281 /* 0011-0020 */ = {
			isa = PBXGroup;
			children = (
				2C231CF01C20DDF600718281 /* 0011Tests.swift */,
				2C92B6C41C22D29D009A0A68 /* 0012Tests.swift */,
				2C92B6D11C22E771009A0A68 /* 0013Tests.swift */,
				2C92B6DF1C230FCD009A0A68 /* 0014Tests.swift */,
				2C92B6E91C233400009A0A68 /* 0015Tests.swift */,
				2C92B6F01C233A35009A0A68 /* 0016Tests.swift */,
			);
			path = "0011-0020";
			sourceTree = "<group>";
		};
		2C231CF71C20E0C400718281 /* Functions */ = {
			isa = PBXGroup;
			children = (
				2C231CF81C20E0D400718281 /* EquatableTuples.swift */,
			);
			path = Functions;
			sourceTree = "<group>";
		};
		2C231D031C20F5C600718281 /* Classes */ = {
			isa = PBXGroup;
			children = (
			);
			path = Classes;
			sourceTree = "<group>";
		};
		2C231D041C20F5C600718281 /* Structs */ = {
			isa = PBXGroup;
			children = (
				2CBA5EED1C21AF4D00E1DF98 /* Array2D.swift */,
			);
			path = Structs;
			sourceTree = "<group>";
		};
		2C92B6BC1C22CB9C009A0A68 /* Tools */ = {
			isa = PBXGroup;
			children = (
				2C92B6BD1C22CB9C009A0A68 /* Structs */,
			);
			path = Tools;
			sourceTree = "<group>";
		};
		2C92B6BD1C22CB9C009A0A68 /* Structs */ = {
			isa = PBXGroup;
			children = (
				2C92B6BE1C22CBA7009A0A68 /* Array2DTests.swift */,
			);
			path = Structs;
			sourceTree = "<group>";
		};
		2C92B6D31C2308F7009A0A68 /* String */ = {
			isa = PBXGroup;
			children = (
				2C92B6F21C23405F009A0A68 /* String+Private.swift */,
				2C92B6DB1C230E6C009A0A68 /* String+subscript.swift */,
				2C92B6D41C23090B009A0A68 /* String+isNumeric.swift */,
				2C92B6D61C2309C5009A0A68 /* String+addNumeric.swift */,
				2C92B6F51C234087009A0A68 /* String+multiplyNumeric.swift */,
				2C92B6F71C2340AF009A0A68 /* String+raiseNumericToPower.swift */,
			);
			name = String;
			path = Tools/Extensions/String;
			sourceTree = SOURCE_ROOT;
		};
		2C92B6D81C230ABF009A0A68 /* String */ = {
			isa = PBXGroup;
			children = (
				2C92B6D91C230AC6009A0A68 /* ArrayStringLiteralConvertible+sum.swift */,
			);
			path = String;
			sourceTree = "<group>";
		};
		2C92B6EB1C23352A009A0A68 /* Double */ = {
			isa = PBXGroup;
			children = (
				2C92B6EC1C23352A009A0A68 /* Double+factorial.swift */,
			);
			path = Double;
			sourceTree = "<group>";
		};
		2CBA5EEF1C21AF5C00E1DF98 /* Array2D */ = {
			isa = PBXGroup;
			children = (
				2CBA5EF01C21AF5C00E1DF98 /* Array2D+init.swift */,
			);
			path = Array2D;
			sourceTree = "<group>";
		};
/* End PBXGroup section */

/* Begin PBXHeadersBuildPhase section */
		2C231C171C1F45CD00718281 /* Headers */ = {
			isa = PBXHeadersBuildPhase;
			buildActionMask = 2147483647;
			files = (
			);
			runOnlyForDeploymentPostprocessing = 0;
		};
/* End PBXHeadersBuildPhase section */

/* Begin PBXNativeTarget section */
		2C231C181C1F45CD00718281 /* Problems */ = {
			isa = PBXNativeTarget;
			buildConfigurationList = 2C231C221C1F45CD00718281 /* Build configuration list for PBXNativeTarget "Problems" */;
			buildPhases = (
				2C231C151C1F45CD00718281 /* Sources */,
				2C231C161C1F45CD00718281 /* Frameworks */,
				2C231C171C1F45CD00718281 /* Headers */,
			);
			buildRules = (
			);
			dependencies = (
			);
			name = Problems;
			productName = ProjectEuler;
			productReference = 2C231C191C1F45CD00718281 /* libProblems.dylib */;
			productType = "com.apple.product-type.library.dynamic";
		};
		2C231C2C1C1F461300718281 /* Tests */ = {
			isa = PBXNativeTarget;
			buildConfigurationList = 2C231C351C1F461300718281 /* Build configuration list for PBXNativeTarget "Tests" */;
			buildPhases = (
				2C231C291C1F461300718281 /* Sources */,
				2C231C2A1C1F461300718281 /* Frameworks */,
				2C231C2B1C1F461300718281 /* Resources */,
			);
			buildRules = (
			);
			dependencies = (
				2C231C341C1F461300718281 /* PBXTargetDependency */,
			);
			name = Tests;
			productName = ProjectEulerTests;
			productReference = 2C231C2D1C1F461300718281 /* Tests.xctest */;
			productType = "com.apple.product-type.bundle.unit-test";
		};
/* End PBXNativeTarget section */

/* Begin PBXProject section */
		2C231C111C1F45CD00718281 /* Project object */ = {
			isa = PBXProject;
			attributes = {
				LastSwiftUpdateCheck = 0700;
				LastUpgradeCheck = 0700;
				ORGANIZATIONNAME = convict7421;
				TargetAttributes = {
					2C231C181C1F45CD00718281 = {
						CreatedOnToolsVersion = 7.0;
					};
					2C231C2C1C1F461300718281 = {
						CreatedOnToolsVersion = 7.0;
					};
				};
			};
			buildConfigurationList = 2C231C141C1F45CD00718281 /* Build configuration list for PBXProject "ProjectEuler" */;
			compatibilityVersion = "Xcode 3.2";
			developmentRegion = English;
			hasScannedForEncodings = 0;
			knownRegions = (
				en,
			);
			mainGroup = 2C231C101C1F45CD00718281;
			productRefGroup = 2C231C1A1C1F45CD00718281 /* Products */;
			projectDirPath = "";
			projectRoot = "";
			targets = (
				2C231C181C1F45CD00718281 /* Problems */,
				2C231C2C1C1F461300718281 /* Tests */,
			);
		};
/* End PBXProject section */

/* Begin PBXResourcesBuildPhase section */
		2C231C2B1C1F461300718281 /* Resources */ = {
			isa = PBXResourcesBuildPhase;
			buildActionMask = 2147483647;
			files = (
			);
			runOnlyForDeploymentPostprocessing = 0;
		};
/* End PBXResourcesBuildPhase section */

/* Begin PBXSourcesBuildPhase section */
		2C231C151C1F45CD00718281 /* Sources */ = {
			isa = PBXSourcesBuildPhase;
			buildActionMask = 2147483647;
			files = (
				2C92B6DC1C230E6C009A0A68 /* String+subscript.swift in Sources */,
				2C231C9F1C20D40800718281 /* Int+isPalindromic.swift in Sources */,
				2C92B6CE1C22E469009A0A68 /* Int+getNumberOfDivisors.swift in Sources */,
				2C231C941C20D3CF00718281 /* Int+isEven.swift in Sources */,
				2C92B6C11C22CE57009A0A68 /* 0012.swift in Sources */,
				2C231CD31C20D8B800718281 /* 0007.swift in Sources */,
				2C231CA11C20D42600718281 /* Int+getPythagoreanTriplet.swift in Sources */,
				2C92B6DE1C230F70009A0A68 /* 0014.swift in Sources */,
				2C92B6F81C2340AF009A0A68 /* String+raiseNumericToPower.swift in Sources */,
				2C231CD41C20D8B800718281 /* 0008.swift in Sources */,
				2C231C9D1C20D3CF00718281 /* PrimeSequence.swift in Sources */,
				2C92B6E21C230FE2009A0A68 /* CollatzSequence.swift in Sources */,
				2C92B6ED1C23352A009A0A68 /* Double+factorial.swift in Sources */,
				2C231CD21C20D8B800718281 /* 0006.swift in Sources */,
				2C92B6DA1C230AC6009A0A68 /* ArrayStringLiteralConvertible+sum.swift in Sources */,
				2C92B6E61C231DD1009A0A68 /* CentralBinomialCoefficientsSequence.swift in Sources */,
				2C92B6E41C231B51009A0A68 /* 0015.swift in Sources */,
				2C92B6F61C234087009A0A68 /* String+multiplyNumeric.swift in Sources */,
				2C231CCF1C20D8B800718281 /* 0003.swift in Sources */,
				2C231CAD1C20D55D00718281 /* Array+getSubArraysOfWidth.swift in Sources */,
				2C231CD51C20D8B800718281 /* 0009.swift in Sources */,
				2C231CCE1C20D8B800718281 /* 0002.swift in Sources */,
				2C231CA51C20D47C00718281 /* ArrayIntegerType+product.swift in Sources */,
				2C231C981C20D3CF00718281 /* Int+isPrime.swift in Sources */,
				2C92B6C31C22D1CF009A0A68 /* TriangleNumbers.swift in Sources */,
				2C231CEF1C20DD6800718281 /* 0011.swift in Sources */,
				2C231C951C20D3CF00718281 /* Int+isMultipleOf.swift in Sources */,
				2C231CAF1C20D5AD00718281 /* SequenceType+take.swift in Sources */,
				2C231CA91C20D4DC00718281 /* ArrayIntegerType+sumOfSquares.swift in Sources */,
				2C231CF91C20E0D400718281 /* EquatableTuples.swift in Sources */,
				2C92B6F41C234062009A0A68 /* String+Private.swift in Sources */,
				2C92B6EF1C2335E4009A0A68 /* 0016.swift in Sources */,
				2C231CA71C20D4AC00718281 /* ArrayIntegerType+leastCommonMultiple.swift in Sources */,
				2C231CA31C20D45600718281 /* ArrayIntegerType+sum.swift in Sources */,
				2C231CD61C20D8B800718281 /* 0010.swift in Sources */,
				2C231CAB1C20D50B00718281 /* ArrayIntegerType+squareOfSums.swift in Sources */,
				2C231C9A1C20D3CF00718281 /* Int+largestPrimeFactor.swift in Sources */,
				2C231CB11C20D5CF00718281 /* SequenceType+get.swift in Sources */,
				2C92B6D51C23090B009A0A68 /* String+isNumeric.swift in Sources */,
				2C231CD01C20D8B800718281 /* 0004.swift in Sources */,
				2C231C991C20D3CF00718281 /* Int+largestPossibleFactor.swift in Sources */,
				2C231C971C20D3CF00718281 /* Int+isMultipleOfAny.swift in Sources */,
				2C92B6D71C2309C5009A0A68 /* String+addNumeric.swift in Sources */,
				2C231C961C20D3CF00718281 /* Int+isMultipleOfAll.swift in Sources */,
				2C231CD11C20D8B800718281 /* 0005.swift in Sources */,
				2CBA5EEE1C21AF4D00E1DF98 /* Array2D.swift in Sources */,
				2C92B6D01C22E61A009A0A68 /* 0013.swift in Sources */,
				2C231CCD1C20D8B800718281 /* 0001.swift in Sources */,
				2C231C9C1C20D3CF00718281 /* FibonacciSequence.swift in Sources */,
				2C92B6CC1C22E14E009A0A68 /* Int+getPrimeFactors.swift in Sources */,
				2CBA5EF11C21AF5C00E1DF98 /* Array2D+init.swift in Sources */,
			);
			runOnlyForDeploymentPostprocessing = 0;
		};
		2C231C291C1F461300718281 /* Sources */ = {
			isa = PBXSourcesBuildPhase;
			buildActionMask = 2147483647;
			files = (
				2C231CE71C20D8C600718281 /* 0008Tests.swift in Sources */,
				2C92B6D21C22E771009A0A68 /* 0013Tests.swift in Sources */,
				2C231CE61C20D8C600718281 /* 0007Tests.swift in Sources */,
				2C92B6EA1C233400009A0A68 /* 0015Tests.swift in Sources */,
				2C231CE31C20D8C600718281 /* 0004Tests.swift in Sources */,
				2C92B6E01C230FCD009A0A68 /* 0014Tests.swift in Sources */,
				2C231CE41C20D8C600718281 /* 0005Tests.swift in Sources */,
				2C231CE91C20D9DA00718281 /* 0009Tests.swift in Sources */,
				2C231CEB1C20DA3600718281 /* 0010Tests.swift in Sources */,
				2C92B6F11C233A35009A0A68 /* 0016Tests.swift in Sources */,
				2C231CE51C20D8C600718281 /* 0006Tests.swift in Sources */,
				2C231CE21C20D8C600718281 /* 0003Tests.swift in Sources */,
				2C231CE01C20D8C600718281 /* 0001Tests.swift in Sources */,
				2C92B6BF1C22CBA7009A0A68 /* Array2DTests.swift in Sources */,
				2C231CF11C20DDF600718281 /* 0011Tests.swift in Sources */,
				2C231CE11C20D8C600718281 /* 0002Tests.swift in Sources */,
				2C92B6C51C22D29D009A0A68 /* 0012Tests.swift in Sources */,
			);
			runOnlyForDeploymentPostprocessing = 0;
		};
/* End PBXSourcesBuildPhase section */

/* Begin PBXTargetDependency section */
		2C231C341C1F461300718281 /* PBXTargetDependency */ = {
			isa = PBXTargetDependency;
			target = 2C231C181C1F45CD00718281 /* Problems */;
			targetProxy = 2C231C331C1F461300718281 /* PBXContainerItemProxy */;
		};
/* End PBXTargetDependency section */

/* Begin XCBuildConfiguration section */
		2C231C201C1F45CD00718281 /* Debug */ = {
			isa = XCBuildConfiguration;
			buildSettings = {
				ALWAYS_SEARCH_USER_PATHS = NO;
				CLANG_CXX_LANGUAGE_STANDARD = "gnu++0x";
				CLANG_CXX_LIBRARY = "libc++";
				CLANG_ENABLE_MODULES = YES;
				CLANG_ENABLE_OBJC_ARC = YES;
				CLANG_WARN_BOOL_CONVERSION = YES;
				CLANG_WARN_CONSTANT_CONVERSION = YES;
				CLANG_WARN_DIRECT_OBJC_ISA_USAGE = YES_ERROR;
				CLANG_WARN_EMPTY_BODY = YES;
				CLANG_WARN_ENUM_CONVERSION = YES;
				CLANG_WARN_INT_CONVERSION = YES;
				CLANG_WARN_OBJC_ROOT_CLASS = YES_ERROR;
				CLANG_WARN_UNREACHABLE_CODE = YES;
				CLANG_WARN__DUPLICATE_METHOD_MATCH = YES;
				COPY_PHASE_STRIP = NO;
				DEBUG_INFORMATION_FORMAT = dwarf;
				DEFINES_MODULE = YES;
				ENABLE_STRICT_OBJC_MSGSEND = YES;
				ENABLE_TESTABILITY = YES;
				GCC_C_LANGUAGE_STANDARD = gnu99;
				GCC_DYNAMIC_NO_PIC = NO;
				GCC_NO_COMMON_BLOCKS = YES;
				GCC_OPTIMIZATION_LEVEL = 0;
				GCC_PREPROCESSOR_DEFINITIONS = (
					"DEBUG=1",
					"$(inherited)",
				);
				GCC_WARN_64_TO_32_BIT_CONVERSION = YES;
				GCC_WARN_ABOUT_RETURN_TYPE = YES_ERROR;
				GCC_WARN_UNDECLARED_SELECTOR = YES;
				GCC_WARN_UNINITIALIZED_AUTOS = YES_AGGRESSIVE;
				GCC_WARN_UNUSED_FUNCTION = YES;
				GCC_WARN_UNUSED_VARIABLE = YES;
				MACOSX_DEPLOYMENT_TARGET = 10.10;
				MTL_ENABLE_DEBUG_INFO = YES;
				ONLY_ACTIVE_ARCH = YES;
				SDKROOT = macosx;
			};
			name = Debug;
		};
		2C231C211C1F45CD00718281 /* Release */ = {
			isa = XCBuildConfiguration;
			buildSettings = {
				ALWAYS_SEARCH_USER_PATHS = NO;
				CLANG_CXX_LANGUAGE_STANDARD = "gnu++0x";
				CLANG_CXX_LIBRARY = "libc++";
				CLANG_ENABLE_MODULES = YES;
				CLANG_ENABLE_OBJC_ARC = YES;
				CLANG_WARN_BOOL_CONVERSION = YES;
				CLANG_WARN_CONSTANT_CONVERSION = YES;
				CLANG_WARN_DIRECT_OBJC_ISA_USAGE = YES_ERROR;
				CLANG_WARN_EMPTY_BODY = YES;
				CLANG_WARN_ENUM_CONVERSION = YES;
				CLANG_WARN_INT_CONVERSION = YES;
				CLANG_WARN_OBJC_ROOT_CLASS = YES_ERROR;
				CLANG_WARN_UNREACHABLE_CODE = YES;
				CLANG_WARN__DUPLICATE_METHOD_MATCH = YES;
				COPY_PHASE_STRIP = NO;
				DEBUG_INFORMATION_FORMAT = "dwarf-with-dsym";
				DEFINES_MODULE = YES;
				ENABLE_NS_ASSERTIONS = NO;
				ENABLE_STRICT_OBJC_MSGSEND = YES;
				GCC_C_LANGUAGE_STANDARD = gnu99;
				GCC_NO_COMMON_BLOCKS = YES;
				GCC_WARN_64_TO_32_BIT_CONVERSION = YES;
				GCC_WARN_ABOUT_RETURN_TYPE = YES_ERROR;
				GCC_WARN_UNDECLARED_SELECTOR = YES;
				GCC_WARN_UNINITIALIZED_AUTOS = YES_AGGRESSIVE;
				GCC_WARN_UNUSED_FUNCTION = YES;
				GCC_WARN_UNUSED_VARIABLE = YES;
				MACOSX_DEPLOYMENT_TARGET = 10.10;
				MTL_ENABLE_DEBUG_INFO = NO;
				SDKROOT = macosx;
			};
			name = Release;
		};
		2C231C231C1F45CD00718281 /* Debug */ = {
			isa = XCBuildConfiguration;
			buildSettings = {
				CLANG_ENABLE_MODULES = YES;
				DEFINES_MODULE = NO;
				DYLIB_COMPATIBILITY_VERSION = 1;
				DYLIB_CURRENT_VERSION = 1;
				EXECUTABLE_PREFIX = lib;
				LD_RUNPATH_SEARCH_PATHS = "$(inherited) @executable_path/../Frameworks @loader_path/../Frameworks";
				PRODUCT_NAME = "$(TARGET_NAME)";
				SWIFT_OPTIMIZATION_LEVEL = "-Onone";
			};
			name = Debug;
		};
		2C231C241C1F45CD00718281 /* Release */ = {
			isa = XCBuildConfiguration;
			buildSettings = {
				CLANG_ENABLE_MODULES = YES;
				DEFINES_MODULE = NO;
				DYLIB_COMPATIBILITY_VERSION = 1;
				DYLIB_CURRENT_VERSION = 1;
				EXECUTABLE_PREFIX = lib;
				LD_RUNPATH_SEARCH_PATHS = "$(inherited) @executable_path/../Frameworks @loader_path/../Frameworks";
				PRODUCT_NAME = "$(TARGET_NAME)";
			};
			name = Release;
		};
		2C231C361C1F461300718281 /* Debug */ = {
			isa = XCBuildConfiguration;
			buildSettings = {
				COMBINE_HIDPI_IMAGES = YES;
				DEFINES_MODULE = NO;
				INFOPLIST_FILE = "";
				LD_RUNPATH_SEARCH_PATHS = "$(inherited) @executable_path/../Frameworks @loader_path/../Frameworks";
				PRODUCT_BUNDLE_IDENTIFIER = org.convict7421.ProjectEulerTests;
				PRODUCT_NAME = "$(TARGET_NAME)";
				SWIFT_OPTIMIZATION_LEVEL = "-Onone";
			};
			name = Debug;
		};
		2C231C371C1F461300718281 /* Release */ = {
			isa = XCBuildConfiguration;
			buildSettings = {
				COMBINE_HIDPI_IMAGES = YES;
				DEFINES_MODULE = NO;
				INFOPLIST_FILE = "";
				LD_RUNPATH_SEARCH_PATHS = "$(inherited) @executable_path/../Frameworks @loader_path/../Frameworks";
				PRODUCT_BUNDLE_IDENTIFIER = org.convict7421.ProjectEulerTests;
				PRODUCT_NAME = "$(TARGET_NAME)";
			};
			name = Release;
		};
/* End XCBuildConfiguration section */

/* Begin XCConfigurationList section */
		2C231C141C1F45CD00718281 /* Build configuration list for PBXProject "ProjectEuler" */ = {
			isa = XCConfigurationList;
			buildConfigurations = (
				2C231C201C1F45CD00718281 /* Debug */,
				2C231C211C1F45CD00718281 /* Release */,
			);
			defaultConfigurationIsVisible = 0;
			defaultConfigurationName = Release;
		};
		2C231C221C1F45CD00718281 /* Build configuration list for PBXNativeTarget "Problems" */ = {
			isa = XCConfigurationList;
			buildConfigurations = (
				2C231C231C1F45CD00718281 /* Debug */,
				2C231C241C1F45CD00718281 /* Release */,
			);
			defaultConfigurationIsVisible = 0;
			defaultConfigurationName = Release;
		};
		2C231C351C1F461300718281 /* Build configuration list for PBXNativeTarget "Tests" */ = {
			isa = XCConfigurationList;
			buildConfigurations = (
				2C231C361C1F461300718281 /* Debug */,
				2C231C371C1F461300718281 /* Release */,
			);
			defaultConfigurationIsVisible = 0;
			defaultConfigurationName = Release;
		};
/* End XCConfigurationList section */
	};
	rootObject = 2C231C111C1F45CD00718281 /* Project object */;
}
